{
  "version": 4,
  "terraform_version": "0.15.2",
  "serial": 15,
  "lineage": "2e2a371d-c2f5-b788-0c7e-ca4ff0d61353",
  "outputs": {},
  "resources": [
    {
      "mode": "data",
      "type": "google_app_engine_default_service_account",
      "name": "default",
      "provider": "provider[\"registry.terraform.io/hashicorp/google\"]",
      "instances": [
        {
          "schema_version": 0,
          "attributes": {
            "display_name": "App Engine default service account",
            "email": "fireside-games@appspot.gserviceaccount.com",
            "id": "projects/fireside-games/serviceAccounts/fireside-games@appspot.gserviceaccount.com",
            "name": "projects/fireside-games/serviceAccounts/fireside-games@appspot.gserviceaccount.com",
            "project": "fireside-games",
            "unique_id": "108837002416265702877"
          },
          "sensitive_attributes": []
        }
      ]
    },
    {
      "mode": "managed",
      "type": "google_app_engine_application",
      "name": "app",
      "provider": "provider[\"registry.terraform.io/hashicorp/google\"]",
      "instances": [
        {
          "schema_version": 0,
          "attributes": {
            "app_id": "fireside-games",
            "auth_domain": "gmail.com",
            "code_bucket": "staging.fireside-games.appspot.com",
            "database_type": "CLOUD_DATASTORE_COMPATIBILITY",
            "default_bucket": "fireside-games.appspot.com",
            "default_hostname": "fireside-games.as.r.appspot.com",
            "feature_settings": [
              {
                "split_health_checks": true
              }
            ],
            "gcr_domain": "asia.gcr.io",
            "iap": [],
            "id": "fireside-games",
            "location_id": "asia-southeast1",
            "name": "apps/fireside-games",
            "project": "fireside-games",
            "serving_status": "SERVING",
            "timeouts": null,
            "url_dispatch_rule": []
          },
          "sensitive_attributes": [],
          "private": "eyJlMmJmYjczMC1lY2FhLTExZTYtOGY4OC0zNDM2M2JjN2M0YzAiOnsiY3JlYXRlIjoyNDAwMDAwMDAwMDAsInVwZGF0ZSI6MjQwMDAwMDAwMDAwfX0="
        }
      ]
    },
    {
      "mode": "managed",
      "type": "google_project_service",
      "name": "secretmanager",
      "provider": "provider[\"registry.terraform.io/hashicorp/google\"]",
      "instances": [
        {
          "schema_version": 0,
          "attributes": {
            "disable_dependent_services": null,
            "disable_on_destroy": true,
            "id": "fireside-games/secretmanager.googleapis.com",
            "project": "fireside-games",
            "service": "secretmanager.googleapis.com",
            "timeouts": null
          },
          "sensitive_attributes": [],
          "private": "eyJlMmJmYjczMC1lY2FhLTExZTYtOGY4OC0zNDM2M2JjN2M0YzAiOnsiY3JlYXRlIjoxMjAwMDAwMDAwMDAwLCJkZWxldGUiOjEyMDAwMDAwMDAwMDAsInJlYWQiOjYwMDAwMDAwMDAwMCwidXBkYXRlIjoxMjAwMDAwMDAwMDAwfX0="
        }
      ]
    },
    {
      "mode": "managed",
      "type": "google_secret_manager_secret",
      "name": "django_settings",
      "provider": "provider[\"registry.terraform.io/hashicorp/google\"]",
      "instances": [
        {
          "schema_version": 0,
          "attributes": {
            "create_time": "2021-10-23T13:35:35.291896Z",
            "expire_time": "",
            "id": "projects/fireside-games/secrets/django_settings",
            "labels": null,
            "name": "projects/1065277356472/secrets/django_settings",
            "project": "fireside-games",
            "replication": [
              {
                "automatic": true,
                "user_managed": []
              }
            ],
            "rotation": [],
            "secret_id": "django_settings",
            "timeouts": null,
            "topics": [],
            "ttl": null
          },
          "sensitive_attributes": [],
          "private": "eyJlMmJmYjczMC1lY2FhLTExZTYtOGY4OC0zNDM2M2JjN2M0YzAiOnsiY3JlYXRlIjoyNDAwMDAwMDAwMDAsImRlbGV0ZSI6MjQwMDAwMDAwMDAwLCJ1cGRhdGUiOjI0MDAwMDAwMDAwMH19",
          "dependencies": ["google_project_service.secretmanager"]
        }
      ]
    },
    {
      "mode": "managed",
      "type": "google_secret_manager_secret_version",
      "name": "django_settings-1",
      "provider": "provider[\"registry.terraform.io/hashicorp/google\"]",
      "instances": [
        {
          "schema_version": 0,
          "attributes": {
            "create_time": "2021-10-23T13:35:38.223373Z",
            "destroy_time": "",
            "enabled": true,
            "id": "projects/1065277356472/secrets/django_settings/versions/1",
            "name": "projects/1065277356472/secrets/django_settings/versions/1",
            "secret": "projects/fireside-games/secrets/django_settings",
            "secret_data": "PROXY_DB=False\nSETTINGS_NAME=django_settings\n\nSECRET_KEY=5ed37960752fb6187a6a3841bf784a15\nDB_PASSWORD=5ed37960752fb6187a6a3841bf784a15\n\nDB_HOST=/cloudsql/fireside-games:asia-southeast1:fireside-games-db\n\nHOST=fireside-games.as.r.appspot.com\n\nGS_PROJECT_ID=fireside-games\nGS_MEDIA_BUCKET_NAME=fireside-games-django-media\nGS_STATIC_BUCKET_NAME=fireside-games.appspot.com\n\nAPP_ENGINE_SVC_KEY=ewogICJ0eXBlIjogInNlcnZpY2VfYWNjb3VudCIsCiAgInByb2plY3RfaWQiOiAiZmlyZXNpZGUtZ2FtZXMiLAogICJwcml2YXRlX2tleV9pZCI6ICJiMDY3MDJjODAyMzc2NTUzNjU5MDZhZTdiYjFmMjc0MTEwOTdlMTE1IiwKICAicHJpdmF0ZV9rZXkiOiAiLS0tLS1CRUdJTiBQUklWQVRFIEtFWS0tLS0tXG5NSUlFdmdJQkFEQU5CZ2txaGtpRzl3MEJBUUVGQUFTQ0JLZ3dnZ1NrQWdFQUFvSUJBUURRMHJFSk5lT3dsMzlJXG5aZHkwZUlvbjBBeGFZWEdwZnd5aFVsWGJVbjErYTl5b2ZlZXlFQ3dSNkVaVnlIdmVtNmhHNzBESG41akxKVDZlXG5wTHVmM0FDQ1M3dTFsVktJZE9YU1FlYi9wK2cvbFJ6VGs5bWtBS1IyTGUrcm5Md25nNDJrL0hrbnhYMnM0REJsXG4zZGN3cVQwRXhTU0g5bWFOVzdadVBwVU4waCtFdE1ibkJQbUczakxpSWVxMlJ5dWNhelFwZmM4S284Rnp2V0Y4XG5VNHViZU5YU0xRWDVnOHlrdzBFOVVuMUFGbEZxVUE2dVZQUDUyS0Q0MHBHZWg5cEJFNVIwM3ZnL1d0TGhKbEdkXG55RVJPa1RTa1piRnN2MHhRN3RBc0lMNWRhb1VCa2ZkNUh1NVJMMGI4YkF2anFyNkR3dkExbmxoaFBveVh2elRHXG5YUGhFRzVtSEFnTUJBQUVDZ2dFQUFoTUZ0U3kyM1VzejlYa2xqeGxmYmZQUUc1bTZNay9UeFVwM0ZkMms1M3VVXG56b3Vwb0lndWwrTHh4K3BjNktJdE1yOHZxb3Y0VFpSS0lmTks5ZFNPb0x5MTJhRHBGL2ZwVElSaEVnc044SXUvXG5wSTVrYkEraGtwYjBPWVV1RFVwdVBzUlBROGpmYmJjd1krS25QNUYrekt4VXA1RVlCYkZ5aDNmUnJUaDRIYTVWXG5ibkY1cXZLNUZBS2hJOTBBSURVS3FscjNEdzc1Nlk4WTVBUW1nWEhON1JlTHRSMTloMVI3YVVxdm91RHBCcDhLXG41eWh4L215L2FtZWwySmpia2RBSngzdVJiMmFsajFKU2N2R0lXcXQxK3Z1Uk5oa2tuQlczeGhtdVFzUlpleVRvXG5mTWxkNU1DYldPMmYyWjN0NkVVdUVROHhmNU9Db1FlR1drOEo1UytnMlFLQmdRRHhiVGZndjhXTWk1NUZCNzVtXG5rTC9GM0I0cHBGRmRKMzJHYmNWUzhqSisvd04yRlp6VmlIaXcrRFBuN2c4SDJlRHErRldsMXFiSnVZb2dIWGQ0XG5MdGcvZlZmc2R0RlJHR05Qd1p0MXJUTTVUekNnYW9Gdi9DV2dTakpXYU04d3lLT1B1K0UxUWtGQTVOeWRhSE5WXG5ZVGhMR0lwK3NOV09McEpqSC80VlJsRDQ5UUtCZ1FEZGJhVzZvR2V1VHNPdnRsZ0RHSlNzUnpvZ0ZPZzZaMkVhXG50NklTU0dwZkg2aW9aNDlwblVVbzc3OXlmai96b094Z2xaMVVGbEhCanhZQ2c0bzQ2UmgrY2hVSjFFMWJRbEhZXG5Fbk1VakRSdmpzeGpVK1YvQ3g3NEhTSEhWa2ltbStBQUN5a0J3dFpqM2NQUjRGMjkveDJWcnQ0bWRqVUJXRFNJXG5rbzMrMHJqckN3S0JnQk5lbWQ4VVE3czA4R3ZGWlVkQlVjR0VHWDlweVlWWng3NWpURE9OYnZPMWJnZXBVRDNwXG5oeFZidEg1bElSdVdKVzkwb1JwL0VENmEvalA1YVQ1aE04UlVRQnVlcE1pRzFtRHR2WlZCWWh5MDk4ZkhBNytDXG5VVnA4MlhFSlU2WXNVc01UWmN3cUZxWW9Obk1Da0U1SFVJYmwzeWF1OVZORTlVV3lxV1gza0VPSkFvR0JBTXcwXG5MVzNDTmp2TENhNkhNLzJPOHJVNmJzRmRacGxOODRCbkw0RTY1VlphWlBrQm9JR2U5MFA4Ymd0Um9QcTJRcWdEXG44bmEwcXFzZG9RZXFkWk5zYkJsWWJreUZUTjNIZUtFU3lxeDliSEloT0I2MkpXU1hSZlU5TUlTYjd4NHZqRkdkXG4rVEJWbGMrOW1iUjQvUnFXSnB0L0RBSmVheDJWVWNWTm1zUVJZMVhuQW9HQkFOMm4xWlFWTU80WGt6V0ltRzd4XG5Za1BKSWhLZ2JJVWp3VnpWa1VtTDRJNVY5N2VaNUhqVWkrdDRlc0xnM2MzUStjalVzb2U2Rm0xc0MwNm1sSFEyXG5LUXpzRVJjNFhyUmMzcURhV3g3eTk0SXYyU3kxNzJlaDlKdXdydnd6a0FrMHF6ekFvNVdHMUM2ZCtWOHpwODhxXG5FelF1YjZWaldCajQ4V3JpWXh3WVdNU2hcbi0tLS0tRU5EIFBSSVZBVEUgS0VZLS0tLS1cbiIsCiAgImNsaWVudF9lbWFpbCI6ICJmaXJlc2lkZS1nYW1lc0BhcHBzcG90LmdzZXJ2aWNlYWNjb3VudC5jb20iLAogICJjbGllbnRfaWQiOiAiMTA4ODM3MDAyNDE2MjY1NzAyODc3IiwKICAiYXV0aF91cmkiOiAiaHR0cHM6Ly9hY2NvdW50cy5nb29nbGUuY29tL28vb2F1dGgyL2F1dGgiLAogICJ0b2tlbl91cmkiOiAiaHR0cHM6Ly9vYXV0aDIuZ29vZ2xlYXBpcy5jb20vdG9rZW4iLAogICJhdXRoX3Byb3ZpZGVyX3g1MDlfY2VydF91cmwiOiAiaHR0cHM6Ly93d3cuZ29vZ2xlYXBpcy5jb20vb2F1dGgyL3YxL2NlcnRzIiwKICAiY2xpZW50X3g1MDlfY2VydF91cmwiOiAiaHR0cHM6Ly93d3cuZ29vZ2xlYXBpcy5jb20vcm9ib3QvdjEvbWV0YWRhdGEveDUwOS9maXJlc2lkZS1nYW1lcyU0MGFwcHNwb3QuZ3NlcnZpY2VhY2NvdW50LmNvbSIKfQo=",
            "timeouts": null
          },
          "sensitive_attributes": [],
          "private": "eyJlMmJmYjczMC1lY2FhLTExZTYtOGY4OC0zNDM2M2JjN2M0YzAiOnsiY3JlYXRlIjoyNDAwMDAwMDAwMDAsImRlbGV0ZSI6MjQwMDAwMDAwMDAwfX0=",
          "dependencies": [
            "google_project_service.secretmanager",
            "google_secret_manager_secret.django_settings"
          ]
        }
      ]
    },
    {
      "mode": "managed",
      "type": "google_sql_database_instance",
      "name": "db",
      "provider": "provider[\"registry.terraform.io/hashicorp/google\"]",
      "instances": [
        {
          "schema_version": 0,
          "attributes": {
            "clone": [],
            "connection_name": "fireside-games:asia-southeast1:fireside-games-db",
            "database_version": "POSTGRES_13",
            "deletion_protection": true,
            "first_ip_address": "34.126.160.31",
            "id": "fireside-games-db",
            "ip_address": [
              {
                "ip_address": "34.126.160.31",
                "time_to_retire": "",
                "type": "PRIMARY"
              },
              {
                "ip_address": "34.87.164.233",
                "time_to_retire": "",
                "type": "OUTGOING"
              }
            ],
            "master_instance_name": "",
            "name": "fireside-games-db",
            "private_ip_address": "",
            "project": "fireside-games",
            "public_ip_address": "34.126.160.31",
            "region": "asia-southeast1",
            "replica_configuration": [],
            "restore_backup_context": [],
            "root_password": null,
            "self_link": "https://sqladmin.googleapis.com/sql/v1beta4/projects/fireside-games/instances/fireside-games-db",
            "server_ca_cert": [
              {
                "cert": "-----BEGIN CERTIFICATE-----\nMIIDfzCCAmegAwIBAgIBADANBgkqhkiG9w0BAQsFADB3MS0wKwYDVQQuEyQ3MWI3\nYWVlYy04MGFlLTQxYzEtOThjMi1hZmQ2ZGJmNWY2NTcxIzAhBgNVBAMTGkdvb2ds\nZSBDbG91ZCBTUUwgU2VydmVyIENBMRQwEgYDVQQKEwtHb29nbGUsIEluYzELMAkG\nA1UEBhMCVVMwHhcNMjExMDIzMDkxNzA2WhcNMzExMDIxMDkxODA2WjB3MS0wKwYD\nVQQuEyQ3MWI3YWVlYy04MGFlLTQxYzEtOThjMi1hZmQ2ZGJmNWY2NTcxIzAhBgNV\nBAMTGkdvb2dsZSBDbG91ZCBTUUwgU2VydmVyIENBMRQwEgYDVQQKEwtHb29nbGUs\nIEluYzELMAkGA1UEBhMCVVMwggEiMA0GCSqGSIb3DQEBAQUAA4IBDwAwggEKAoIB\nAQCqbBtH4AvuFrkPJ5TMoxzoWhm+Sbxg/KR+Cy8/DP+6v0pE2SyJm7fiBj8d4F2K\nq5cjcfGuxGXx0g34k/qqVv1XRSm6hHMfRG1o3JbgONRyEWb/5raAsY0ZZzlGdLFy\nuEwLAzH8zC+yOhOX0KbX1HEGul791cETp7+HCVEAnSD+ScWPUoHym/UdM0FqPdca\nO2CWfQxjeDx+iKMdxisjyuQG1BIr8Wvq7Ezrvah6gV+pClJ7PF5ArITR6iFoVc4R\n9Rr+Fg60kR8KH+H6WcMHGOSAMHH0hb0LJhi9nBpI971XJ3lkuJSXKBgNYkoKAiIx\n+uUnJAyob0aemWhRUghziDUXAgMBAAGjFjAUMBIGA1UdEwEB/wQIMAYBAf8CAQAw\nDQYJKoZIhvcNAQELBQADggEBABBP6pMRAIPD+91rJoKz2nxTM/w99n51V+4mwSMN\nst2JM9zu/lxWR8eZtUKHPDUXXB4Orlxch8Li7z/uZzXlK+MhxZ1Wvr5VBJmaLCfu\ngKD8MGzvzkmNFoloMyzCeiR7wZWuXy+fhIsydx+ZFG358YgVqShp1By9Kc27eK5W\nftGPy787AWR25fl27s8gi4AS1tysxdEV6q1pYA0zhEB6MFpcosn+6/weILHi0P5m\nJ+YJBuOXwKOHh/6CKJz1RMXhu3TocvDkL9UB3FXHOn7G7n3SVPKvowM46c+6ccK6\ndP0VLDRC5DjC+vBo21BtOudkZGwP4sN5sQWSEw7MdilyUiU=\n-----END CERTIFICATE-----",
                "common_name": "C=US,O=Google\\, Inc,CN=Google Cloud SQL Server CA,dnQualifier=71b7aeec-80ae-41c1-98c2-afd6dbf5f657",
                "create_time": "2021-10-23T09:17:06.235Z",
                "expiration_time": "2031-10-21T09:18:06.235Z",
                "sha1_fingerprint": "534ec6838a9e17e233fe046e3266c42e8bf9938f"
              }
            ],
            "service_account_email_address": "p1065277356472-bxpojl@gcp-sa-cloud-sql.iam.gserviceaccount.com",
            "settings": [
              {
                "activation_policy": "ALWAYS",
                "authorized_gae_applications": [],
                "availability_type": "ZONAL",
                "backup_configuration": [
                  {
                    "backup_retention_settings": [
                      {
                        "retained_backups": 7,
                        "retention_unit": "COUNT"
                      }
                    ],
                    "binary_log_enabled": false,
                    "enabled": false,
                    "location": "",
                    "point_in_time_recovery_enabled": false,
                    "start_time": "07:00",
                    "transaction_log_retention_days": 7
                  }
                ],
                "collation": "",
                "crash_safe_replication": false,
                "database_flags": [],
                "disk_autoresize": true,
                "disk_autoresize_limit": 0,
                "disk_size": 10,
                "disk_type": "PD_SSD",
                "insights_config": [],
                "ip_configuration": [
                  {
                    "authorized_networks": [],
                    "ipv4_enabled": true,
                    "private_network": "",
                    "require_ssl": false
                  }
                ],
                "location_preference": [
                  {
                    "follow_gae_application": "",
                    "zone": "asia-southeast1-a"
                  }
                ],
                "maintenance_window": [],
                "pricing_plan": "PER_USE",
                "replication_type": "SYNCHRONOUS",
                "tier": "db-f1-micro",
                "user_labels": {},
                "version": 1
              }
            ],
            "timeouts": null
          },
          "sensitive_attributes": [],
          "private": "eyJlMmJmYjczMC1lY2FhLTExZTYtOGY4OC0zNDM2M2JjN2M0YzAiOnsiY3JlYXRlIjoxODAwMDAwMDAwMDAwLCJkZWxldGUiOjE4MDAwMDAwMDAwMDAsInVwZGF0ZSI6MTgwMDAwMDAwMDAwMH19"
        }
      ]
    },
    {
      "mode": "managed",
      "type": "google_storage_bucket",
      "name": "media_bucket",
      "provider": "provider[\"registry.terraform.io/hashicorp/google\"]",
      "instances": [
        {
          "schema_version": 0,
          "attributes": {
            "bucket_policy_only": false,
            "cors": [],
            "default_event_based_hold": false,
            "encryption": [],
            "force_destroy": false,
            "id": "fireside-games-django-media",
            "labels": {},
            "lifecycle_rule": [],
            "location": "ASIA-SOUTHEAST1",
            "logging": [],
            "name": "fireside-games-django-media",
            "project": "fireside-games",
            "requester_pays": false,
            "retention_policy": [],
            "self_link": "https://www.googleapis.com/storage/v1/b/fireside-games-django-media",
            "storage_class": "STANDARD",
            "uniform_bucket_level_access": false,
            "url": "gs://fireside-games-django-media",
            "versioning": [],
            "website": []
          },
          "sensitive_attributes": [],
          "private": "bnVsbA=="
        }
      ]
    },
    {
      "mode": "managed",
      "type": "google_storage_bucket_iam_binding",
      "name": "binding",
      "provider": "provider[\"registry.terraform.io/hashicorp/google\"]",
      "instances": [
        {
          "schema_version": 0,
          "attributes": {
            "bucket": "b/fireside-games-django-media",
            "condition": [],
            "etag": "CAI=",
            "id": "b/fireside-games-django-media/roles/storage.objectAdmin",
            "members": [
              "serviceAccount:fireside-games@appspot.gserviceaccount.com"
            ],
            "role": "roles/storage.objectAdmin"
          },
          "sensitive_attributes": [],
          "private": "bnVsbA==",
          "dependencies": [
            "data.google_app_engine_default_service_account.default"
          ]
        }
      ]
    }
  ]
}
